
Microsoft Visual Studio Solution File, Format Version 12.00
# Visual Studio Version 17
VisualStudioVersion = 17.1.31911.260
MinimumVisualStudioVersion = 10.0.40219.1
Project("{9A19103F-16F7-4668-BE54-9A1E7A4F7556}") = "zergtool", "zergtool.csproj", "{C3F51DF6-AF63-41B2-B9C3-6BE764388B7D}"
EndProject
Global
	GlobalSection(SolutionConfigurationPlatforms) = preSolution
		Debug|Any CPU = Debug|Any CPU
		Release|Any CPU = Release|Any CPU
	EndGlobalSection
	GlobalSection(ProjectConfigurationPlatforms) = postSolution
		{C3F51DF6-AF63-41B2-B9C3-6BE764388B7D}.Debug|Any CPU.ActiveCfg = Debug|Any CPU
		{C3F51DF6-AF63-41B2-B9C3-6BE764388B7D}.Debug|Any CPU.Build.0 = Debug|Any CPU
		{C3F51DF6-AF63-41B2-B9C3-6BE764388B7D}.Release|Any CPU.ActiveCfg = Release|Any CPU
		{C3F51DF6-AF63-41B2-B9C3-6BE764388B7D}.Release|Any CPU.Build.0 = Release|Any CPU
	EndGlobalSection
	GlobalSection(SolutionProperties) = preSolution
		HideSolutionNode = FALSE
	EndGlobalSection
	GlobalSection(ExtensibilityGlobals) = postSolution
		SolutionGuid = {313F5815-A289-4C3C-A83A-B528B7548856}
	EndGlobalSection
EndGlobal
